
Microsoft Visual Studio Solution File, Format Version 12.00
# Visual Studio Version 17
VisualStudioVersion = 17.9.34714.143
MinimumVisualStudioVersion = 10.0.40219.1
Project("{2150E333-8FDC-42A3-9474-1A3956D46DE8}") = "Application", "Application", "{DE08FE4D-356E-4C0C-8D6F-442417CA58EA}"
EndProject
Project("{9A19103F-16F7-4668-BE54-9A1E7A4F7556}") = "api", "api.csproj", "{2707C0EC-BD4D-4B86-B976-74C65672B125}"
EndProject
Project("{2150E333-8FDC-42A3-9474-1A3956D46DE8}") = "Domain", "Domain", "{0868F533-42BC-4BB1-BED2-C4800D4E41AF}"
EndProject
Project("{9A19103F-16F7-4668-BE54-9A1E7A4F7556}") = "model", "..\model\model.csproj", "{69477D37-AD95-4F22-A40D-ED638131B038}"
EndProject
Project("{9A19103F-16F7-4668-BE54-9A1E7A4F7556}") = "config", "..\config\config.csproj", "{47395A99-192C-42C8-99C0-6E33750E08A2}"
EndProject
Project("{9A19103F-16F7-4668-BE54-9A1E7A4F7556}") = "framework", "..\framework\framework.csproj", "{9CD5D4D5-0133-4CB4-9EBA-82062B71C952}"
EndProject
Project("{9A19103F-16F7-4668-BE54-9A1E7A4F7556}") = "data", "..\data\data.csproj", "{AD05F1C8-B7A2-409F-8578-78488EE0F5A1}"
EndProject
Project("{2150E333-8FDC-42A3-9474-1A3956D46DE8}") = "Log", "Log", "{805EFAC6-9C82-48E2-B2C6-8D097FD816AC}"
EndProject
Project("{2150E333-8FDC-42A3-9474-1A3956D46DE8}") = "Setup", "Setup", "{E1E3DEF4-69EB-4BF3-8442-D64A491EF241}"
EndProject
Project("{9A19103F-16F7-4668-BE54-9A1E7A4F7556}") = "setup", "..\setup\setup.csproj", "{DF6996C4-21AE-4B4C-BA51-358CC2CE8ACB}"
EndProject
Project("{FAE04EC0-301F-11D3-BF4B-00C04F79EFBC}") = "log", "..\log\log.csproj", "{EC881004-9E76-CF0D-A4D0-3149AAE652A5}"
EndProject
Project("{2150E333-8FDC-42A3-9474-1A3956D46DE8}") = "Tests", "Tests", "{02EA681E-C7D8-13C7-8484-4AC65E1B71E8}"
EndProject
Project("{FAE04EC0-301F-11D3-BF4B-00C04F79EFBC}") = "tests", "..\tests\tests.csproj", "{AEC1003A-F6D2-C24B-8EFF-80A817BE465D}"
EndProject
Global
	GlobalSection(SolutionConfigurationPlatforms) = preSolution
		Debug|Any CPU = Debug|Any CPU
		Debug|x64 = Debug|x64
		Debug|x86 = Debug|x86
		Release|Any CPU = Release|Any CPU
		Release|x64 = Release|x64
		Release|x86 = Release|x86
	EndGlobalSection
	GlobalSection(ProjectConfigurationPlatforms) = postSolution
		{2707C0EC-BD4D-4B86-B976-74C65672B125}.Debug|Any CPU.ActiveCfg = Debug|Any CPU
		{2707C0EC-BD4D-4B86-B976-74C65672B125}.Debug|Any CPU.Build.0 = Debug|Any CPU
		{2707C0EC-BD4D-4B86-B976-74C65672B125}.Debug|x64.ActiveCfg = Debug|x64
		{2707C0EC-BD4D-4B86-B976-74C65672B125}.Debug|x64.Build.0 = Debug|x64
		{2707C0EC-BD4D-4B86-B976-74C65672B125}.Debug|x86.ActiveCfg = Debug|x86
		{2707C0EC-BD4D-4B86-B976-74C65672B125}.Debug|x86.Build.0 = Debug|x86
		{2707C0EC-BD4D-4B86-B976-74C65672B125}.Release|Any CPU.ActiveCfg = Release|Any CPU
		{2707C0EC-BD4D-4B86-B976-74C65672B125}.Release|Any CPU.Build.0 = Release|Any CPU
		{2707C0EC-BD4D-4B86-B976-74C65672B125}.Release|x64.ActiveCfg = Release|x64
		{2707C0EC-BD4D-4B86-B976-74C65672B125}.Release|x64.Build.0 = Release|x64
		{2707C0EC-BD4D-4B86-B976-74C65672B125}.Release|x86.ActiveCfg = Release|x86
		{2707C0EC-BD4D-4B86-B976-74C65672B125}.Release|x86.Build.0 = Release|x86
		{69477D37-AD95-4F22-A40D-ED638131B038}.Debug|Any CPU.ActiveCfg = Debug|Any CPU
		{69477D37-AD95-4F22-A40D-ED638131B038}.Debug|Any CPU.Build.0 = Debug|Any CPU
		{69477D37-AD95-4F22-A40D-ED638131B038}.Debug|x64.ActiveCfg = Debug|Any CPU
		{69477D37-AD95-4F22-A40D-ED638131B038}.Debug|x64.Build.0 = Debug|Any CPU
		{69477D37-AD95-4F22-A40D-ED638131B038}.Debug|x86.ActiveCfg = Debug|Any CPU
		{69477D37-AD95-4F22-A40D-ED638131B038}.Debug|x86.Build.0 = Debug|Any CPU
		{69477D37-AD95-4F22-A40D-ED638131B038}.Release|Any CPU.ActiveCfg = Release|Any CPU
		{69477D37-AD95-4F22-A40D-ED638131B038}.Release|Any CPU.Build.0 = Release|Any CPU
		{69477D37-AD95-4F22-A40D-ED638131B038}.Release|x64.ActiveCfg = Release|Any CPU
		{69477D37-AD95-4F22-A40D-ED638131B038}.Release|x64.Build.0 = Release|Any CPU
		{69477D37-AD95-4F22-A40D-ED638131B038}.Release|x86.ActiveCfg = Release|Any CPU
		{69477D37-AD95-4F22-A40D-ED638131B038}.Release|x86.Build.0 = Release|Any CPU
		{47395A99-192C-42C8-99C0-6E33750E08A2}.Debug|Any CPU.ActiveCfg = Debug|Any CPU
		{47395A99-192C-42C8-99C0-6E33750E08A2}.Debug|Any CPU.Build.0 = Debug|Any CPU
		{47395A99-192C-42C8-99C0-6E33750E08A2}.Debug|x64.ActiveCfg = Debug|x64
		{47395A99-192C-42C8-99C0-6E33750E08A2}.Debug|x64.Build.0 = Debug|x64
		{47395A99-192C-42C8-99C0-6E33750E08A2}.Debug|x86.ActiveCfg = Debug|x86
		{47395A99-192C-42C8-99C0-6E33750E08A2}.Debug|x86.Build.0 = Debug|x86
		{47395A99-192C-42C8-99C0-6E33750E08A2}.Release|Any CPU.ActiveCfg = Release|Any CPU
		{47395A99-192C-42C8-99C0-6E33750E08A2}.Release|Any CPU.Build.0 = Release|Any CPU
		{47395A99-192C-42C8-99C0-6E33750E08A2}.Release|x64.ActiveCfg = Release|x64
		{47395A99-192C-42C8-99C0-6E33750E08A2}.Release|x64.Build.0 = Release|x64
		{47395A99-192C-42C8-99C0-6E33750E08A2}.Release|x86.ActiveCfg = Release|x86
		{47395A99-192C-42C8-99C0-6E33750E08A2}.Release|x86.Build.0 = Release|x86
		{9CD5D4D5-0133-4CB4-9EBA-82062B71C952}.Debug|Any CPU.ActiveCfg = Debug|Any CPU
		{9CD5D4D5-0133-4CB4-9EBA-82062B71C952}.Debug|Any CPU.Build.0 = Debug|Any CPU
		{9CD5D4D5-0133-4CB4-9EBA-82062B71C952}.Debug|x64.ActiveCfg = Debug|x64
		{9CD5D4D5-0133-4CB4-9EBA-82062B71C952}.Debug|x64.Build.0 = Debug|x64
		{9CD5D4D5-0133-4CB4-9EBA-82062B71C952}.Debug|x86.ActiveCfg = Debug|x86
		{9CD5D4D5-0133-4CB4-9EBA-82062B71C952}.Debug|x86.Build.0 = Debug|x86
		{9CD5D4D5-0133-4CB4-9EBA-82062B71C952}.Release|Any CPU.ActiveCfg = Release|Any CPU
		{9CD5D4D5-0133-4CB4-9EBA-82062B71C952}.Release|Any CPU.Build.0 = Release|Any CPU
		{9CD5D4D5-0133-4CB4-9EBA-82062B71C952}.Release|x64.ActiveCfg = Release|x64
		{9CD5D4D5-0133-4CB4-9EBA-82062B71C952}.Release|x64.Build.0 = Release|x64
		{9CD5D4D5-0133-4CB4-9EBA-82062B71C952}.Release|x86.ActiveCfg = Release|x86
		{9CD5D4D5-0133-4CB4-9EBA-82062B71C952}.Release|x86.Build.0 = Release|x86
		{AD05F1C8-B7A2-409F-8578-78488EE0F5A1}.Debug|Any CPU.ActiveCfg = Debug|Any CPU
		{AD05F1C8-B7A2-409F-8578-78488EE0F5A1}.Debug|Any CPU.Build.0 = Debug|Any CPU
		{AD05F1C8-B7A2-409F-8578-78488EE0F5A1}.Debug|x64.ActiveCfg = Debug|x64
		{AD05F1C8-B7A2-409F-8578-78488EE0F5A1}.Debug|x64.Build.0 = Debug|x64
		{AD05F1C8-B7A2-409F-8578-78488EE0F5A1}.Debug|x86.ActiveCfg = Debug|x86
		{AD05F1C8-B7A2-409F-8578-78488EE0F5A1}.Debug|x86.Build.0 = Debug|x86
		{AD05F1C8-B7A2-409F-8578-78488EE0F5A1}.Release|Any CPU.ActiveCfg = Release|Any CPU
		{AD05F1C8-B7A2-409F-8578-78488EE0F5A1}.Release|Any CPU.Build.0 = Release|Any CPU
		{AD05F1C8-B7A2-409F-8578-78488EE0F5A1}.Release|x64.ActiveCfg = Release|x64
		{AD05F1C8-B7A2-409F-8578-78488EE0F5A1}.Release|x64.Build.0 = Release|x64
		{AD05F1C8-B7A2-409F-8578-78488EE0F5A1}.Release|x86.ActiveCfg = Release|x86
		{AD05F1C8-B7A2-409F-8578-78488EE0F5A1}.Release|x86.Build.0 = Release|x86
		{DF6996C4-21AE-4B4C-BA51-358CC2CE8ACB}.Debug|Any CPU.ActiveCfg = Debug|Any CPU
		{DF6996C4-21AE-4B4C-BA51-358CC2CE8ACB}.Debug|Any CPU.Build.0 = Debug|Any CPU
		{DF6996C4-21AE-4B4C-BA51-358CC2CE8ACB}.Debug|x64.ActiveCfg = Debug|Any CPU
		{DF6996C4-21AE-4B4C-BA51-358CC2CE8ACB}.Debug|x64.Build.0 = Debug|Any CPU
		{DF6996C4-21AE-4B4C-BA51-358CC2CE8ACB}.Debug|x86.ActiveCfg = Debug|Any CPU
		{DF6996C4-21AE-4B4C-BA51-358CC2CE8ACB}.Debug|x86.Build.0 = Debug|Any CPU
		{DF6996C4-21AE-4B4C-BA51-358CC2CE8ACB}.Release|Any CPU.ActiveCfg = Release|Any CPU
		{DF6996C4-21AE-4B4C-BA51-358CC2CE8ACB}.Release|Any CPU.Build.0 = Release|Any CPU
		{DF6996C4-21AE-4B4C-BA51-358CC2CE8ACB}.Release|x64.ActiveCfg = Release|Any CPU
		{DF6996C4-21AE-4B4C-BA51-358CC2CE8ACB}.Release|x64.Build.0 = Release|Any CPU
		{DF6996C4-21AE-4B4C-BA51-358CC2CE8ACB}.Release|x86.ActiveCfg = Release|Any CPU
		{DF6996C4-21AE-4B4C-BA51-358CC2CE8ACB}.Release|x86.Build.0 = Release|Any CPU
		{EC881004-9E76-CF0D-A4D0-3149AAE652A5}.Debug|Any CPU.ActiveCfg = Debug|Any CPU
		{EC881004-9E76-CF0D-A4D0-3149AAE652A5}.Debug|Any CPU.Build.0 = Debug|Any CPU
		{EC881004-9E76-CF0D-A4D0-3149AAE652A5}.Debug|x64.ActiveCfg = Debug|Any CPU
		{EC881004-9E76-CF0D-A4D0-3149AAE652A5}.Debug|x64.Build.0 = Debug|Any CPU
		{EC881004-9E76-CF0D-A4D0-3149AAE652A5}.Debug|x86.ActiveCfg = Debug|Any CPU
		{EC881004-9E76-CF0D-A4D0-3149AAE652A5}.Debug|x86.Build.0 = Debug|Any CPU
		{EC881004-9E76-CF0D-A4D0-3149AAE652A5}.Release|Any CPU.ActiveCfg = Release|Any CPU
		{EC881004-9E76-CF0D-A4D0-3149AAE652A5}.Release|Any CPU.Build.0 = Release|Any CPU
		{EC881004-9E76-CF0D-A4D0-3149AAE652A5}.Release|x64.ActiveCfg = Release|Any CPU
		{EC881004-9E76-CF0D-A4D0-3149AAE652A5}.Release|x64.Build.0 = Release|Any CPU
		{EC881004-9E76-CF0D-A4D0-3149AAE652A5}.Release|x86.ActiveCfg = Release|Any CPU
		{EC881004-9E76-CF0D-A4D0-3149AAE652A5}.Release|x86.Build.0 = Release|Any CPU
		{AEC1003A-F6D2-C24B-8EFF-80A817BE465D}.Debug|Any CPU.ActiveCfg = Debug|Any CPU
		{AEC1003A-F6D2-C24B-8EFF-80A817BE465D}.Debug|Any CPU.Build.0 = Debug|Any CPU
		{AEC1003A-F6D2-C24B-8EFF-80A817BE465D}.Debug|x64.ActiveCfg = Debug|Any CPU
		{AEC1003A-F6D2-C24B-8EFF-80A817BE465D}.Debug|x64.Build.0 = Debug|Any CPU
		{AEC1003A-F6D2-C24B-8EFF-80A817BE465D}.Debug|x86.ActiveCfg = Debug|Any CPU
		{AEC1003A-F6D2-C24B-8EFF-80A817BE465D}.Debug|x86.Build.0 = Debug|Any CPU
		{AEC1003A-F6D2-C24B-8EFF-80A817BE465D}.Release|Any CPU.ActiveCfg = Release|Any CPU
		{AEC1003A-F6D2-C24B-8EFF-80A817BE465D}.Release|Any CPU.Build.0 = Release|Any CPU
		{AEC1003A-F6D2-C24B-8EFF-80A817BE465D}.Release|x64.ActiveCfg = Release|Any CPU
		{AEC1003A-F6D2-C24B-8EFF-80A817BE465D}.Release|x64.Build.0 = Release|Any CPU
		{AEC1003A-F6D2-C24B-8EFF-80A817BE465D}.Release|x86.ActiveCfg = Release|Any CPU
		{AEC1003A-F6D2-C24B-8EFF-80A817BE465D}.Release|x86.Build.0 = Release|Any CPU
	EndGlobalSection
	GlobalSection(SolutionProperties) = preSolution
		HideSolutionNode = FALSE
	EndGlobalSection
	GlobalSection(NestedProjects) = preSolution
		{2707C0EC-BD4D-4B86-B976-74C65672B125} = {DE08FE4D-356E-4C0C-8D6F-442417CA58EA}
		{69477D37-AD95-4F22-A40D-ED638131B038} = {0868F533-42BC-4BB1-BED2-C4800D4E41AF}
		{47395A99-192C-42C8-99C0-6E33750E08A2} = {0868F533-42BC-4BB1-BED2-C4800D4E41AF}
		{9CD5D4D5-0133-4CB4-9EBA-82062B71C952} = {0868F533-42BC-4BB1-BED2-C4800D4E41AF}
		{AD05F1C8-B7A2-409F-8578-78488EE0F5A1} = {0868F533-42BC-4BB1-BED2-C4800D4E41AF}
		{DF6996C4-21AE-4B4C-BA51-358CC2CE8ACB} = {E1E3DEF4-69EB-4BF3-8442-D64A491EF241}
		{EC881004-9E76-CF0D-A4D0-3149AAE652A5} = {805EFAC6-9C82-48E2-B2C6-8D097FD816AC}
		{AEC1003A-F6D2-C24B-8EFF-80A817BE465D} = {02EA681E-C7D8-13C7-8484-4AC65E1B71E8}
	EndGlobalSection
	GlobalSection(ExtensibilityGlobals) = postSolution
		SolutionGuid = {9C15F9DF-446B-4BE5-AF25-B57C0B1117BD}
	EndGlobalSection
EndGlobal
