
Microsoft Visual Studio Solution File, Format Version 12.00
# Visual Studio Version 17
VisualStudioVersion = 17.5.002.0
MinimumVisualStudioVersion = 10.0.40219.1
Project("{9A19103F-16F7-4668-BE54-9A1E7A4F7556}") = "model", "model.csproj", "{D873FE37-B849-41EA-9614-6AF169B40B2E}"
EndProject
Global
	GlobalSection(SolutionConfigurationPlatforms) = preSolution
		Debug|Any CPU = Debug|Any CPU
		Release|Any CPU = Release|Any CPU
	EndGlobalSection
	GlobalSection(ProjectConfigurationPlatforms) = postSolution
		{D873FE37-B849-41EA-9614-6AF169B40B2E}.Debug|Any CPU.ActiveCfg = Debug|Any CPU
		{D873FE37-B849-41EA-9614-6AF169B40B2E}.Debug|Any CPU.Build.0 = Debug|Any CPU
		{D873FE37-B849-41EA-9614-6AF169B40B2E}.Release|Any CPU.ActiveCfg = Release|Any CPU
		{D873FE37-B849-41EA-9614-6AF169B40B2E}.Release|Any CPU.Build.0 = Release|Any CPU
	EndGlobalSection
	GlobalSection(SolutionProperties) = preSolution
		HideSolutionNode = FALSE
	EndGlobalSection
	GlobalSection(ExtensibilityGlobals) = postSolution
		SolutionGuid = {7B373C2B-8699-416C-A3E5-09B078BEF669}
	EndGlobalSection
EndGlobal
